
Microsoft Visual Studio Solution File, Format Version 12.00
# Visual Studio Version 17
VisualStudioVersion = 17.13.35931.197 d17.13
MinimumVisualStudioVersion = 10.0.40219.1
Project("{8BC9CEB8-8B4A-11D0-8D11-00A0C91BC942}") = "Juan Gonzalez CS 210 Project 1", "Juan Gonzalez CS 210 Project 1\Juan Gonzalez CS 210 Project 1.vcxproj", "{F8EEAA1E-5F5C-4DB2-A5C6-D5DF2419AF01}"
EndProject
Global
	GlobalSection(SolutionConfigurationPlatforms) = preSolution
		Debug|x64 = Debug|x64
		Debug|x86 = Debug|x86
		Release|x64 = Release|x64
		Release|x86 = Release|x86
	EndGlobalSection
	GlobalSection(ProjectConfigurationPlatforms) = postSolution
		{F8EEAA1E-5F5C-4DB2-A5C6-D5DF2419AF01}.Debug|x64.ActiveCfg = Debug|x64
		{F8EEAA1E-5F5C-4DB2-A5C6-D5DF2419AF01}.Debug|x64.Build.0 = Debug|x64
		{F8EEAA1E-5F5C-4DB2-A5C6-D5DF2419AF01}.Debug|x86.ActiveCfg = Debug|Win32
		{F8EEAA1E-5F5C-4DB2-A5C6-D5DF2419AF01}.Debug|x86.Build.0 = Debug|Win32
		{F8EEAA1E-5F5C-4DB2-A5C6-D5DF2419AF01}.Release|x64.ActiveCfg = Release|x64
		{F8EEAA1E-5F5C-4DB2-A5C6-D5DF2419AF01}.Release|x64.Build.0 = Release|x64
		{F8EEAA1E-5F5C-4DB2-A5C6-D5DF2419AF01}.Release|x86.ActiveCfg = Release|Win32
		{F8EEAA1E-5F5C-4DB2-A5C6-D5DF2419AF01}.Release|x86.Build.0 = Release|Win32
	EndGlobalSection
	GlobalSection(SolutionProperties) = preSolution
		HideSolutionNode = FALSE
	EndGlobalSection
	GlobalSection(ExtensibilityGlobals) = postSolution
		SolutionGuid = {57DC6D90-D3E9-4AA9-B92C-1B17F5FD8329}
	EndGlobalSection
EndGlobal
